
Microsoft Visual Studio Solution File, Format Version 12.00
# Visual Studio 2013
VisualStudioVersion = 12.0.30501.0
MinimumVisualStudioVersion = 10.0.40219.1
Project("{FAE04EC0-301F-11D3-BF4B-00C04F79EFBC}") = "BST_Implementation", "BST_Implementation\BST_Implementation.csproj", "{4443D075-8E67-4014-B336-34FEB2E83E17}"
EndProject
Project("{FAE04EC0-301F-11D3-BF4B-00C04F79EFBC}") = "TestingConsole", "TestingConsole\TestingConsole.csproj", "{0BE31233-ED4D-4C9D-B556-87FD2C5602B3}"
EndProject
Global
	GlobalSection(SolutionConfigurationPlatforms) = preSolution
		Debug|Any CPU = Debug|Any CPU
		Release|Any CPU = Release|Any CPU
	EndGlobalSection
	GlobalSection(ProjectConfigurationPlatforms) = postSolution
		{4443D075-8E67-4014-B336-34FEB2E83E17}.Debug|Any CPU.ActiveCfg = Debug|Any CPU
		{4443D075-8E67-4014-B336-34FEB2E83E17}.Debug|Any CPU.Build.0 = Debug|Any CPU
		{4443D075-8E67-4014-B336-34FEB2E83E17}.Release|Any CPU.ActiveCfg = Release|Any CPU
		{4443D075-8E67-4014-B336-34FEB2E83E17}.Release|Any CPU.Build.0 = Release|Any CPU
		{0BE31233-ED4D-4C9D-B556-87FD2C5602B3}.Debug|Any CPU.ActiveCfg = Debug|Any CPU
		{0BE31233-ED4D-4C9D-B556-87FD2C5602B3}.Debug|Any CPU.Build.0 = Debug|Any CPU
		{0BE31233-ED4D-4C9D-B556-87FD2C5602B3}.Release|Any CPU.ActiveCfg = Release|Any CPU
		{0BE31233-ED4D-4C9D-B556-87FD2C5602B3}.Release|Any CPU.Build.0 = Release|Any CPU
	EndGlobalSection
	GlobalSection(SolutionProperties) = preSolution
		HideSolutionNode = FALSE
	EndGlobalSection
EndGlobal
